// !$*UTF8*$!
{
	archiveVersion = 1;
	classes = {
	};
	objectVersion = 46;
	objects = {

/* Begin PBXBuildFile section */
		AF6FD2E81993E13E0005DC27 /* Foundation.framework in Frameworks */ = {isa = PBXBuildFile; fileRef = AF6FD2E71993E13E0005DC27 /* Foundation.framework */; };
		AF6FD2EA1993E13E0005DC27 /* CoreGraphics.framework in Frameworks */ = {isa = PBXBuildFile; fileRef = AF6FD2E91993E13E0005DC27 /* CoreGraphics.framework */; };
		AF6FD2EC1993E13E0005DC27 /* UIKit.framework in Frameworks */ = {isa = PBXBuildFile; fileRef = AF6FD2EB1993E13E0005DC27 /* UIKit.framework */; };
		AF6FD2F21993E13E0005DC27 /* InfoPlist.strings in Resources */ = {isa = PBXBuildFile; fileRef = AF6FD2F01993E13E0005DC27 /* InfoPlist.strings */; };
		AF6FD2F41993E13E0005DC27 /* main.m in Sources */ = {isa = PBXBuildFile; fileRef = AF6FD2F31993E13E0005DC27 /* main.m */; };
		AF6FD2F81993E13E0005DC27 /* AppDelegate.m in Sources */ = {isa = PBXBuildFile; fileRef = AF6FD2F71993E13E0005DC27 /* AppDelegate.m */; };
		AF6FD2FB1993E13E0005DC27 /* Main.storyboard in Resources */ = {isa = PBXBuildFile; fileRef = AF6FD2F91993E13E0005DC27 /* Main.storyboard */; };
		AF6FD2FE1993E13E0005DC27 /* MasterViewController.m in Sources */ = {isa = PBXBuildFile; fileRef = AF6FD2FD1993E13E0005DC27 /* MasterViewController.m */; };
		AF6FD3011993E13E0005DC27 /* DetailViewController.m in Sources */ = {isa = PBXBuildFile; fileRef = AF6FD3001993E13E0005DC27 /* DetailViewController.m */; };
		AF6FD3031993E13E0005DC27 /* Images.xcassets in Resources */ = {isa = PBXBuildFile; fileRef = AF6FD3021993E13E0005DC27 /* Images.xcassets */; };
		AF6FD30A1993E13E0005DC27 /* XCTest.framework in Frameworks */ = {isa = PBXBuildFile; fileRef = AF6FD3091993E13E0005DC27 /* XCTest.framework */; };
		AF6FD30B1993E13E0005DC27 /* Foundation.framework in Frameworks */ = {isa = PBXBuildFile; fileRef = AF6FD2E71993E13E0005DC27 /* Foundation.framework */; };
		AF6FD30C1993E13E0005DC27 /* UIKit.framework in Frameworks */ = {isa = PBXBuildFile; fileRef = AF6FD2EB1993E13E0005DC27 /* UIKit.framework */; };
		AF6FD3141993E13E0005DC27 /* InfoPlist.strings in Resources */ = {isa = PBXBuildFile; fileRef = AF6FD3121993E13E0005DC27 /* InfoPlist.strings */; };
		AF6FD3161993E13E0005DC27 /* Cofely_ipadTests.m in Sources */ = {isa = PBXBuildFile; fileRef = AF6FD3151993E13E0005DC27 /* Cofely_ipadTests.m */; };
/* End PBXBuildFile section */

/* Begin PBXContainerItemProxy section */
		AF6FD30D1993E13E0005DC27 /* PBXContainerItemProxy */ = {
			isa = PBXContainerItemProxy;
			containerPortal = AF6FD2DC1993E13E0005DC27 /* Project object */;
			proxyType = 1;
			remoteGlobalIDString = AF6FD2E31993E13E0005DC27;
			remoteInfo = Cofely_ipad;
		};
/* End PBXContainerItemProxy section */

/* Begin PBXFileReference section */
		AF6FD2E41993E13E0005DC27 /* Cofely_ipad.app */ = {isa = PBXFileReference; explicitFileType = wrapper.application; includeInIndex = 0; path = Cofely_ipad.app; sourceTree = BUILT_PRODUCTS_DIR; };
		AF6FD2E71993E13E0005DC27 /* Foundation.framework */ = {isa = PBXFileReference; lastKnownFileType = wrapper.framework; name = Foundation.framework; path = System/Library/Frameworks/Foundation.framework; sourceTree = SDKROOT; };
		AF6FD2E91993E13E0005DC27 /* CoreGraphics.framework */ = {isa = PBXFileReference; lastKnownFileType = wrapper.framework; name = CoreGraphics.framework; path = System/Library/Frameworks/CoreGraphics.framework; sourceTree = SDKROOT; };
		AF6FD2EB1993E13E0005DC27 /* UIKit.framework */ = {isa = PBXFileReference; lastKnownFileType = wrapper.framework; name = UIKit.framework; path = System/Library/Frameworks/UIKit.framework; sourceTree = SDKROOT; };
		AF6FD2EF1993E13E0005DC27 /* Cofely_ipad-Info.plist */ = {isa = PBXFileReference; lastKnownFileType = text.plist.xml; path = "Cofely_ipad-Info.plist"; sourceTree = "<group>"; };
		AF6FD2F11993E13E0005DC27 /* en */ = {isa = PBXFileReference; lastKnownFileType = text.plist.strings; name = en; path = en.lproj/InfoPlist.strings; sourceTree = "<group>"; };
		AF6FD2F31993E13E0005DC27 /* main.m */ = {isa = PBXFileReference; lastKnownFileType = sourcecode.c.objc; path = main.m; sourceTree = "<group>"; };
		AF6FD2F51993E13E0005DC27 /* Cofely_ipad-Prefix.pch */ = {isa = PBXFileReference; lastKnownFileType = sourcecode.c.h; path = "Cofely_ipad-Prefix.pch"; sourceTree = "<group>"; };
		AF6FD2F61993E13E0005DC27 /* AppDelegate.h */ = {isa = PBXFileReference; lastKnownFileType = sourcecode.c.h; path = AppDelegate.h; sourceTree = "<group>"; };
		AF6FD2F71993E13E0005DC27 /* AppDelegate.m */ = {isa = PBXFileReference; lastKnownFileType = sourcecode.c.objc; path = AppDelegate.m; sourceTree = "<group>"; };
		AF6FD2FA1993E13E0005DC27 /* Base */ = {isa = PBXFileReference; lastKnownFileType = file.storyboard; name = Base; path = Base.lproj/Main.storyboard; sourceTree = "<group>"; };
		AF6FD2FC1993E13E0005DC27 /* MasterViewController.h */ = {isa = PBXFileReference; lastKnownFileType = sourcecode.c.h; path = MasterViewController.h; sourceTree = "<group>"; };
		AF6FD2FD1993E13E0005DC27 /* MasterViewController.m */ = {isa = PBXFileReference; lastKnownFileType = sourcecode.c.objc; path = MasterViewController.m; sourceTree = "<group>"; };
		AF6FD2FF1993E13E0005DC27 /* DetailViewController.h */ = {isa = PBXFileReference; lastKnownFileType = sourcecode.c.h; path = DetailViewController.h; sourceTree = "<group>"; };
		AF6FD3001993E13E0005DC27 /* DetailViewController.m */ = {isa = PBXFileReference; lastKnownFileType = sourcecode.c.objc; path = DetailViewController.m; sourceTree = "<group>"; };
		AF6FD3021993E13E0005DC27 /* Images.xcassets */ = {isa = PBXFileReference; lastKnownFileType = folder.assetcatalog; path = Images.xcassets; sourceTree = "<group>"; };
		AF6FD3081993E13E0005DC27 /* Cofely_ipadTests.xctest */ = {isa = PBXFileReference; explicitFileType = wrapper.cfbundle; includeInIndex = 0; path = Cofely_ipadTests.xctest; sourceTree = BUILT_PRODUCTS_DIR; };
		AF6FD3091993E13E0005DC27 /* XCTest.framework */ = {isa = PBXFileReference; lastKnownFileType = wrapper.framework; name = XCTest.framework; path = Library/Frameworks/XCTest.framework; sourceTree = DEVELOPER_DIR; };
		AF6FD3111993E13E0005DC27 /* Cofely_ipadTests-Info.plist */ = {isa = PBXFileReference; lastKnownFileType = text.plist.xml; path = "Cofely_ipadTests-Info.plist"; sourceTree = "<group>"; };
		AF6FD3131993E13E0005DC27 /* en */ = {isa = PBXFileReference; lastKnownFileType = text.plist.strings; name = en; path = en.lproj/InfoPlist.strings; sourceTree = "<group>"; };
		AF6FD3151993E13E0005DC27 /* Cofely_ipadTests.m */ = {isa = PBXFileReference; lastKnownFileType = sourcecode.c.objc; path = Cofely_ipadTests.m; sourceTree = "<group>"; };
/* End PBXFileReference section */

/* Begin PBXFrameworksBuildPhase section */
		AF6FD2E11993E13E0005DC27 /* Frameworks */ = {
			isa = PBXFrameworksBuildPhase;
			buildActionMask = 2147483647;
			files = (
				AF6FD2EA1993E13E0005DC27 /* CoreGraphics.framework in Frameworks */,
				AF6FD2EC1993E13E0005DC27 /* UIKit.framework in Frameworks */,
				AF6FD2E81993E13E0005DC27 /* Foundation.framework in Frameworks */,
			);
			runOnlyForDeploymentPostprocessing = 0;
		};
		AF6FD3051993E13E0005DC27 /* Frameworks */ = {
			isa = PBXFrameworksBuildPhase;
			buildActionMask = 2147483647;
			files = (
				AF6FD30A1993E13E0005DC27 /* XCTest.framework in Frameworks */,
				AF6FD30C1993E13E0005DC27 /* UIKit.framework in Frameworks */,
				AF6FD30B1993E13E0005DC27 /* Foundation.framework in Frameworks */,
			);
			runOnlyForDeploymentPostprocessing = 0;
		};
/* End PBXFrameworksBuildPhase section */

/* Begin PBXGroup section */
		AF6FD2DB1993E13E0005DC27 = {
			isa = PBXGroup;
			children = (
				AF6FD2ED1993E13E0005DC27 /* Cofely_ipad */,
				AF6FD30F1993E13E0005DC27 /* Cofely_ipadTests */,
				AF6FD2E61993E13E0005DC27 /* Frameworks */,
				AF6FD2E51993E13E0005DC27 /* Products */,
			);
			sourceTree = "<group>";
		};
		AF6FD2E51993E13E0005DC27 /* Products */ = {
			isa = PBXGroup;
			children = (
				AF6FD2E41993E13E0005DC27 /* Cofely_ipad.app */,
				AF6FD3081993E13E0005DC27 /* Cofely_ipadTests.xctest */,
			);
			name = Products;
			sourceTree = "<group>";
		};
		AF6FD2E61993E13E0005DC27 /* Frameworks */ = {
			isa = PBXGroup;
			children = (
				AF6FD2E71993E13E0005DC27 /* Foundation.framework */,
				AF6FD2E91993E13E0005DC27 /* CoreGraphics.framework */,
				AF6FD2EB1993E13E0005DC27 /* UIKit.framework */,
				AF6FD3091993E13E0005DC27 /* XCTest.framework */,
			);
			name = Frameworks;
			sourceTree = "<group>";
		};
		AF6FD2ED1993E13E0005DC27 /* Cofely_ipad */ = {
			isa = PBXGroup;
			children = (
				AF6FD2F61993E13E0005DC27 /* AppDelegate.h */,
				AF6FD2F71993E13E0005DC27 /* AppDelegate.m */,
				AF6FD2F91993E13E0005DC27 /* Main.storyboard */,
				AF6FD2FC1993E13E0005DC27 /* MasterViewController.h */,
				AF6FD2FD1993E13E0005DC27 /* MasterViewController.m */,
				AF6FD2FF1993E13E0005DC27 /* DetailViewController.h */,
				AF6FD3001993E13E0005DC27 /* DetailViewController.m */,
				AF6FD3021993E13E0005DC27 /* Images.xcassets */,
				AF6FD2EE1993E13E0005DC27 /* Supporting Files */,
			);
			path = Cofely_ipad;
			sourceTree = "<group>";
		};
		AF6FD2EE1993E13E0005DC27 /* Supporting Files */ = {
			isa = PBXGroup;
			children = (
				AF6FD2EF1993E13E0005DC27 /* Cofely_ipad-Info.plist */,
				AF6FD2F01993E13E0005DC27 /* InfoPlist.strings */,
				AF6FD2F31993E13E0005DC27 /* main.m */,
				AF6FD2F51993E13E0005DC27 /* Cofely_ipad-Prefix.pch */,
			);
			name = "Supporting Files";
			sourceTree = "<group>";
		};
		AF6FD30F1993E13E0005DC27 /* Cofely_ipadTests */ = {
			isa = PBXGroup;
			children = (
				AF6FD3151993E13E0005DC27 /* Cofely_ipadTests.m */,
				AF6FD3101993E13E0005DC27 /* Supporting Files */,
			);
			path = Cofely_ipadTests;
			sourceTree = "<group>";
		};
		AF6FD3101993E13E0005DC27 /* Supporting Files */ = {
			isa = PBXGroup;
			children = (
				AF6FD3111993E13E0005DC27 /* Cofely_ipadTests-Info.plist */,
				AF6FD3121993E13E0005DC27 /* InfoPlist.strings */,
			);
			name = "Supporting Files";
			sourceTree = "<group>";
		};
/* End PBXGroup section */

/* Begin PBXNativeTarget section */
		AF6FD2E31993E13E0005DC27 /* Cofely_ipad */ = {
			isa = PBXNativeTarget;
			buildConfigurationList = AF6FD3191993E13E0005DC27 /* Build configuration list for PBXNativeTarget "Cofely_ipad" */;
			buildPhases = (
				AF6FD2E01993E13E0005DC27 /* Sources */,
				AF6FD2E11993E13E0005DC27 /* Frameworks */,
				AF6FD2E21993E13E0005DC27 /* Resources */,
			);
			buildRules = (
			);
			dependencies = (
			);
			name = Cofely_ipad;
			productName = Cofely_ipad;
			productReference = AF6FD2E41993E13E0005DC27 /* Cofely_ipad.app */;
			productType = "com.apple.product-type.application";
		};
		AF6FD3071993E13E0005DC27 /* Cofely_ipadTests */ = {
			isa = PBXNativeTarget;
			buildConfigurationList = AF6FD31C1993E13E0005DC27 /* Build configuration list for PBXNativeTarget "Cofely_ipadTests" */;
			buildPhases = (
				AF6FD3041993E13E0005DC27 /* Sources */,
				AF6FD3051993E13E0005DC27 /* Frameworks */,
				AF6FD3061993E13E0005DC27 /* Resources */,
			);
			buildRules = (
			);
			dependencies = (
				AF6FD30E1993E13E0005DC27 /* PBXTargetDependency */,
			);
			name = Cofely_ipadTests;
			productName = Cofely_ipadTests;
			productReference = AF6FD3081993E13E0005DC27 /* Cofely_ipadTests.xctest */;
			productType = "com.apple.product-type.bundle.unit-test";
		};
/* End PBXNativeTarget section */

/* Begin PBXProject section */
		AF6FD2DC1993E13E0005DC27 /* Project object */ = {
			isa = PBXProject;
			attributes = {
				LastUpgradeCheck = 0500;
				ORGANIZATIONNAME = COFELY_Technibook;
				TargetAttributes = {
					AF6FD3071993E13E0005DC27 = {
						TestTargetID = AF6FD2E31993E13E0005DC27;
					};
				};
			};
			buildConfigurationList = AF6FD2DF1993E13E0005DC27 /* Build configuration list for PBXProject "Cofely_ipad" */;
			compatibilityVersion = "Xcode 3.2";
			developmentRegion = English;
			hasScannedForEncodings = 0;
			knownRegions = (
				en,
				Base,
			);
			mainGroup = AF6FD2DB1993E13E0005DC27;
			productRefGroup = AF6FD2E51993E13E0005DC27 /* Products */;
			projectDirPath = "";
			projectRoot = "";
			targets = (
				AF6FD2E31993E13E0005DC27 /* Cofely_ipad */,
				AF6FD3071993E13E0005DC27 /* Cofely_ipadTests */,
			);
		};
/* End PBXProject section */

/* Begin PBXResourcesBuildPhase section */
		AF6FD2E21993E13E0005DC27 /* Resources */ = {
			isa = PBXResourcesBuildPhase;
			buildActionMask = 2147483647;
			files = (
				AF6FD3031993E13E0005DC27 /* Images.xcassets in Resources */,
				AF6FD2F21993E13E0005DC27 /* InfoPlist.strings in Resources */,
				AF6FD2FB1993E13E0005DC27 /* Main.storyboard in Resources */,
			);
			runOnlyForDeploymentPostprocessing = 0;
		};
		AF6FD3061993E13E0005DC27 /* Resources */ = {
			isa = PBXResourcesBuildPhase;
			buildActionMask = 2147483647;
			files = (
				AF6FD3141993E13E0005DC27 /* InfoPlist.strings in Resources */,
			);
			runOnlyForDeploymentPostprocessing = 0;
		};
/* End PBXResourcesBuildPhase section */

/* Begin PBXSourcesBuildPhase section */
		AF6FD2E01993E13E0005DC27 /* Sources */ = {
			isa = PBXSourcesBuildPhase;
			buildActionMask = 2147483647;
			files = (
				AF6FD2F81993E13E0005DC27 /* AppDelegate.m in Sources */,
				AF6FD2FE1993E13E0005DC27 /* MasterViewController.m in Sources */,
				AF6FD2F41993E13E0005DC27 /* main.m in Sources */,
				AF6FD3011993E13E0005DC27 /* DetailViewController.m in Sources */,
			);
			runOnlyForDeploymentPostprocessing = 0;
		};
		AF6FD3041993E13E0005DC27 /* Sources */ = {
			isa = PBXSourcesBuildPhase;
			buildActionMask = 2147483647;
			files = (
				AF6FD3161993E13E0005DC27 /* Cofely_ipadTests.m in Sources */,
			);
			runOnlyForDeploymentPostprocessing = 0;
		};
/* End PBXSourcesBuildPhase section */

/* Begin PBXTargetDependency section */
		AF6FD30E1993E13E0005DC27 /* PBXTargetDependency */ = {
			isa = PBXTargetDependency;
			target = AF6FD2E31993E13E0005DC27 /* Cofely_ipad */;
			targetProxy = AF6FD30D1993E13E0005DC27 /* PBXContainerItemProxy */;
		};
/* End PBXTargetDependency section */

/* Begin PBXVariantGroup section */
		AF6FD2F01993E13E0005DC27 /* InfoPlist.strings */ = {
			isa = PBXVariantGroup;
			children = (
				AF6FD2F11993E13E0005DC27 /* en */,
			);
			name = InfoPlist.strings;
			sourceTree = "<group>";
		};
		AF6FD2F91993E13E0005DC27 /* Main.storyboard */ = {
			isa = PBXVariantGroup;
			children = (
				AF6FD2FA1993E13E0005DC27 /* Base */,
			);
			name = Main.storyboard;
			sourceTree = "<group>";
		};
		AF6FD3121993E13E0005DC27 /* InfoPlist.strings */ = {
			isa = PBXVariantGroup;
			children = (
				AF6FD3131993E13E0005DC27 /* en */,
			);
			name = InfoPlist.strings;
			sourceTree = "<group>";
		};
/* End PBXVariantGroup section */

/* Begin XCBuildConfiguration section */
		AF6FD3171993E13E0005DC27 /* Debug */ = {
			isa = XCBuildConfiguration;
			buildSettings = {
				ALWAYS_SEARCH_USER_PATHS = NO;
				ARCHS = "$(ARCHS_STANDARD_INCLUDING_64_BIT)";
				CLANG_CXX_LANGUAGE_STANDARD = "gnu++0x";
				CLANG_CXX_LIBRARY = "libc++";
				CLANG_ENABLE_MODULES = YES;
				CLANG_ENABLE_OBJC_ARC = YES;
				CLANG_WARN_BOOL_CONVERSION = YES;
				CLANG_WARN_CONSTANT_CONVERSION = YES;
				CLANG_WARN_DIRECT_OBJC_ISA_USAGE = YES_ERROR;
				CLANG_WARN_EMPTY_BODY = YES;
				CLANG_WARN_ENUM_CONVERSION = YES;
				CLANG_WARN_INT_CONVERSION = YES;
				CLANG_WARN_OBJC_ROOT_CLASS = YES_ERROR;
				CLANG_WARN__DUPLICATE_METHOD_MATCH = YES;
				"CODE_SIGN_IDENTITY[sdk=iphoneos*]" = "iPhone Developer";
				COPY_PHASE_STRIP = NO;
				GCC_C_LANGUAGE_STANDARD = gnu99;
				GCC_DYNAMIC_NO_PIC = NO;
				GCC_OPTIMIZATION_LEVEL = 0;
				GCC_PREPROCESSOR_DEFINITIONS = (
					"DEBUG=1",
					"$(inherited)",
				);
				GCC_SYMBOLS_PRIVATE_EXTERN = NO;
				GCC_WARN_64_TO_32_BIT_CONVERSION = YES;
				GCC_WARN_ABOUT_RETURN_TYPE = YES_ERROR;
				GCC_WARN_UNDECLARED_SELECTOR = YES;
				GCC_WARN_UNINITIALIZED_AUTOS = YES;
				GCC_WARN_UNUSED_FUNCTION = YES;
				GCC_WARN_UNUSED_VARIABLE = YES;
				IPHONEOS_DEPLOYMENT_TARGET = 7.0;
				ONLY_ACTIVE_ARCH = YES;
				SDKROOT = iphoneos;
				TARGETED_DEVICE_FAMILY = 2;
			};
			name = Debug;
		};
		AF6FD3181993E13E0005DC27 /* Release */ = {
			isa = XCBuildConfiguration;
			buildSettings = {
				ALWAYS_SEARCH_USER_PATHS = NO;
				ARCHS = "$(ARCHS_STANDARD_INCLUDING_64_BIT)";
				CLANG_CXX_LANGUAGE_STANDARD = "gnu++0x";
				CLANG_CXX_LIBRARY = "libc++";
				CLANG_ENABLE_MODULES = YES;
				CLANG_ENABLE_OBJC_ARC = YES;
				CLANG_WARN_BOOL_CONVERSION = YES;
				CLANG_WARN_CONSTANT_CONVERSION = YES;
				CLANG_WARN_DIRECT_OBJC_ISA_USAGE = YES_ERROR;
				CLANG_WARN_EMPTY_BODY = YES;
				CLANG_WARN_ENUM_CONVERSION = YES;
				CLANG_WARN_INT_CONVERSION = YES;
				CLANG_WARN_OBJC_ROOT_CLASS = YES_ERROR;
				CLANG_WARN__DUPLICATE_METHOD_MATCH = YES;
				"CODE_SIGN_IDENTITY[sdk=iphoneos*]" = "iPhone Developer";
				COPY_PHASE_STRIP = YES;
				ENABLE_NS_ASSERTIONS = NO;
				GCC_C_LANGUAGE_STANDARD = gnu99;
				GCC_WARN_64_TO_32_BIT_CONVERSION = YES;
				GCC_WARN_ABOUT_RETURN_TYPE = YES_ERROR;
				GCC_WARN_UNDECLARED_SELECTOR = YES;
				GCC_WARN_UNINITIALIZED_AUTOS = YES;
				GCC_WARN_UNUSED_FUNCTION = YES;
				GCC_WARN_UNUSED_VARIABLE = YES;
				IPHONEOS_DEPLOYMENT_TARGET = 7.0;
				SDKROOT = iphoneos;
				TARGETED_DEVICE_FAMILY = 2;
				VALIDATE_PRODUCT = YES;
			};
			name = Release;
		};
		AF6FD31A1993E13E0005DC27 /* Debug */ = {
			isa = XCBuildConfiguration;
			buildSettings = {
				ASSETCATALOG_COMPILER_APPICON_NAME = AppIcon;
				ASSETCATALOG_COMPILER_LAUNCHIMAGE_NAME = LaunchImage;
				GCC_PRECOMPILE_PREFIX_HEADER = YES;
				GCC_PREFIX_HEADER = "Cofely_ipad/Cofely_ipad-Prefix.pch";
				INFOPLIST_FILE = "Cofely_ipad/Cofely_ipad-Info.plist";
				PRODUCT_NAME = "$(TARGET_NAME)";
				WRAPPER_EXTENSION = app;
			};
			name = Debug;
		};
		AF6FD31B1993E13E0005DC27 /* Release */ = {
			isa = XCBuildConfiguration;
			buildSettings = {
				ASSETCATALOG_COMPILER_APPICON_NAME = AppIcon;
				ASSETCATALOG_COMPILER_LAUNCHIMAGE_NAME = LaunchImage;
				GCC_PRECOMPILE_PREFIX_HEADER = YES;
				GCC_PREFIX_HEADER = "Cofely_ipad/Cofely_ipad-Prefix.pch";
				INFOPLIST_FILE = "Cofely_ipad/Cofely_ipad-Info.plist";
				PRODUCT_NAME = "$(TARGET_NAME)";
				WRAPPER_EXTENSION = app;
			};
			name = Release;
		};
		AF6FD31D1993E13E0005DC27 /* Debug */ = {
			isa = XCBuildConfiguration;
			buildSettings = {
				ARCHS = "$(ARCHS_STANDARD_INCLUDING_64_BIT)";
				BUNDLE_LOADER = "$(BUILT_PRODUCTS_DIR)/Cofely_ipad.app/Cofely_ipad";
				FRAMEWORK_SEARCH_PATHS = (
					"$(SDKROOT)/Developer/Library/Frameworks",
					"$(inherited)",
					"$(DEVELOPER_FRAMEWORKS_DIR)",
				);
				GCC_PRECOMPILE_PREFIX_HEADER = YES;
				GCC_PREFIX_HEADER = "Cofely_ipad/Cofely_ipad-Prefix.pch";
				GCC_PREPROCESSOR_DEFINITIONS = (
					"DEBUG=1",
					"$(inherited)",
				);
				INFOPLIST_FILE = "Cofely_ipadTests/Cofely_ipadTests-Info.plist";
				PRODUCT_NAME = "$(TARGET_NAME)";
				TEST_HOST = "$(BUNDLE_LOADER)";
				WRAPPER_EXTENSION = xctest;
			};
			name = Debug;
		};
		AF6FD31E1993E13E0005DC27 /* Release */ = {
			isa = XCBuildConfiguration;
			buildSettings = {
				ARCHS = "$(ARCHS_STANDARD_INCLUDING_64_BIT)";
				BUNDLE_LOADER = "$(BUILT_PRODUCTS_DIR)/Cofely_ipad.app/Cofely_ipad";
				FRAMEWORK_SEARCH_PATHS = (
					"$(SDKROOT)/Developer/Library/Frameworks",
					"$(inherited)",
					"$(DEVELOPER_FRAMEWORKS_DIR)",
				);
				GCC_PRECOMPILE_PREFIX_HEADER = YES;
				GCC_PREFIX_HEADER = "Cofely_ipad/Cofely_ipad-Prefix.pch";
				INFOPLIST_FILE = "Cofely_ipadTests/Cofely_ipadTests-Info.plist";
				PRODUCT_NAME = "$(TARGET_NAME)";
				TEST_HOST = "$(BUNDLE_LOADER)";
				WRAPPER_EXTENSION = xctest;
			};
			name = Release;
		};
/* End XCBuildConfiguration section */

/* Begin XCConfigurationList section */
		AF6FD2DF1993E13E0005DC27 /* Build configuration list for PBXProject "Cofely_ipad" */ = {
			isa = XCConfigurationList;
			buildConfigurations = (
				AF6FD3171993E13E0005DC27 /* Debug */,
				AF6FD3181993E13E0005DC27 /* Release */,
			);
			defaultConfigurationIsVisible = 0;
			defaultConfigurationName = Release;
		};
		AF6FD3191993E13E0005DC27 /* Build configuration list for PBXNativeTarget "Cofely_ipad" */ = {
			isa = XCConfigurationList;
			buildConfigurations = (
				AF6FD31A1993E13E0005DC27 /* Debug */,
				AF6FD31B1993E13E0005DC27 /* Release */,
			);
			defaultConfigurationIsVisible = 0;
		};
		AF6FD31C1993E13E0005DC27 /* Build configuration list for PBXNativeTarget "Cofely_ipadTests" */ = {
			isa = XCConfigurationList;
			buildConfigurations = (
				AF6FD31D1993E13E0005DC27 /* Debug */,
				AF6FD31E1993E13E0005DC27 /* Release */,
			);
			defaultConfigurationIsVisible = 0;
		};
/* End XCConfigurationList section */
	};
	rootObject = AF6FD2DC1993E13E0005DC27 /* Project object */;
}
